
Microsoft Visual Studio Solution File, Format Version 11.00
# Visual Studio 2010
Project("{FAE04EC0-301F-11D3-BF4B-00C04F79EFBC}") = "Gatekeeper", "Gatekeeper\Gatekeeper.csproj", "{AAE7BB3C-0AE5-4165-843F-F7BB3A36B0B6}"
EndProject
Project("{FAE04EC0-301F-11D3-BF4B-00C04F79EFBC}") = "WcfService1", "WcfService1\WcfService1.csproj", "{12801D87-D1F8-47A2-9B4C-D558BC14E598}"
EndProject
Global
	GlobalSection(SolutionConfigurationPlatforms) = preSolution
		Debug|Any CPU = Debug|Any CPU
		Release|Any CPU = Release|Any CPU
	EndGlobalSection
	GlobalSection(ProjectConfigurationPlatforms) = postSolution
		{AAE7BB3C-0AE5-4165-843F-F7BB3A36B0B6}.Debug|Any CPU.ActiveCfg = Debug|Any CPU
		{AAE7BB3C-0AE5-4165-843F-F7BB3A36B0B6}.Debug|Any CPU.Build.0 = Debug|Any CPU
		{AAE7BB3C-0AE5-4165-843F-F7BB3A36B0B6}.Release|Any CPU.ActiveCfg = Release|Any CPU
		{AAE7BB3C-0AE5-4165-843F-F7BB3A36B0B6}.Release|Any CPU.Build.0 = Release|Any CPU
		{12801D87-D1F8-47A2-9B4C-D558BC14E598}.Debug|Any CPU.ActiveCfg = Debug|Any CPU
		{12801D87-D1F8-47A2-9B4C-D558BC14E598}.Debug|Any CPU.Build.0 = Debug|Any CPU
		{12801D87-D1F8-47A2-9B4C-D558BC14E598}.Release|Any CPU.ActiveCfg = Release|Any CPU
		{12801D87-D1F8-47A2-9B4C-D558BC14E598}.Release|Any CPU.Build.0 = Release|Any CPU
	EndGlobalSection
	GlobalSection(SolutionProperties) = preSolution
		HideSolutionNode = FALSE
	EndGlobalSection
EndGlobal
